PODS:
  - AFNetworking (2.5.1):
    - AFNetworking/NSURLConnection (= 2.5.1)
    - AFNetworking/NSURLSession (= 2.5.1)
    - AFNetworking/Reachability (= 2.5.1)
    - AFNetworking/Security (= 2.5.1)
    - AFNetworking/Serialization (= 2.5.1)
    - AFNetworking/UIKit (= 2.5.1)
  - AFNetworking/NSURLConnection (2.5.1):
    - AFNetworking/Reachability
    - AFNetworking/Security
    - AFNetworking/Serialization
  - AFNetworking/NSURLSession (2.5.1):
    - AFNetworking/Reachability
    - AFNetworking/Security
    - AFNetworking/Serialization
  - AFNetworking/Reachability (2.5.1)
  - AFNetworking/Security (2.5.1)
  - AFNetworking/Serialization (2.5.1)
  - AFNetworking/UIKit (2.5.1):
    - AFNetworking/NSURLConnection
    - AFNetworking/NSURLSession
  - Bolts (1.1.4)
  - Facebook-iOS-SDK (3.23.1):
    - Bolts (~> 1.0)
  - GoogleAnalytics-iOS-SDK (3.10):
    - GoogleAnalytics-iOS-SDK/Core (= 3.10)
  - GoogleAnalytics-iOS-SDK/Core (3.10)
  - KissXML (5.0)
  - libextobjc (0.4.1):
    - libextobjc/EXTADT (= 0.4.1)
    - libextobjc/EXTConcreteProtocol (= 0.4.1)
    - libextobjc/EXTKeyPathCoding (= 0.4.1)
    - libextobjc/EXTNil (= 0.4.1)
    - libextobjc/EXTSafeCategory (= 0.4.1)
    - libextobjc/EXTScope (= 0.4.1)
    - libextobjc/EXTSelectorChecking (= 0.4.1)
    - libextobjc/EXTSynthesize (= 0.4.1)
    - libextobjc/NSInvocation+EXT (= 0.4.1)
    - libextobjc/NSMethodSignature+EXT (= 0.4.1)
    - libextobjc/RuntimeExtensions (= 0.4.1)
    - libextobjc/UmbrellaHeader (= 0.4.1)
  - libextobjc/EXTADT (0.4.1):
    - libextobjc/RuntimeExtensions
  - libextobjc/EXTConcreteProtocol (0.4.1):
    - libextobjc/RuntimeExtensions
  - libextobjc/EXTKeyPathCoding (0.4.1):
    - libextobjc/RuntimeExtensions
  - libextobjc/EXTNil (0.4.1):
    - libextobjc/RuntimeExtensions
  - libextobjc/EXTSafeCategory (0.4.1):
    - libextobjc/RuntimeExtensions
  - libextobjc/EXTScope (0.4.1):
    - libextobjc/RuntimeExtensions
  - libextobjc/EXTSelectorChecking (0.4.1):
    - libextobjc/RuntimeExtensions
  - libextobjc/EXTSynthesize (0.4.1):
    - libextobjc/RuntimeExtensions
  - libextobjc/NSInvocation+EXT (0.4.1):
    - libextobjc/RuntimeExtensions
  - libextobjc/NSMethodSignature+EXT (0.4.1):
    - libextobjc/RuntimeExtensions
  - libextobjc/RuntimeExtensions (0.4.1)
  - libextobjc/UmbrellaHeader (0.4.1)
  - Masonry (0.6.1)
  - MBProgressHUD (0.9.1)
  - Parse (1.6.5):
    - Bolts (~> 1.1)
  - ParseFacebookUtils (1.6.5):
    - Facebook-iOS-SDK (~> 3.20)
    - Parse (~> 1.6.5)
  - ParseUI (1.1.1):
    - Parse (~> 1.6)
    - ParseFacebookUtils (~> 1.6)
  - Reveal-iOS-SDK (1.5.1)
  - SVWebViewController (1.0)

DEPENDENCIES:
  - AFNetworking
  - GoogleAnalytics-iOS-SDK
  - KissXML
  - libextobjc
  - Masonry
  - MBProgressHUD
  - Parse
  - ParseUI
  - Reveal-iOS-SDK
  - SVWebViewController

SPEC CHECKSUMS:
  AFNetworking: 8bee59492a6ff15d69130efa4d0dc67e0094a52a
  Bolts: dd9fb8433d67f5acc3b6b4d1379bbc5513d716c1
  Facebook-iOS-SDK: 89dae50e975ebab95a01b0962d27277fc9cf08fd
  GoogleAnalytics-iOS-SDK: f422062075d9ccb1ea8d783fc5ba3829461e9502
  KissXML: e537c38b18ede903ee6de45953a9bd86c131ebe9
  libextobjc: d6146fce3ebea986b7f75fcb4c967639200b88b0
  Masonry: 2cb49fd14d203d2db5ca6bb017135b235dde9980
  MBProgressHUD: f3747dcbd45a9e855a6b0674550651e0b7ed250c
  Parse: a21db4037d70a68a4ec64ecc0f327ed475cc14f8
  ParseFacebookUtils: 4d58d0f133fa1af52f3a8d5caaa55cd435118ac4
  ParseUI: f7e9e0e5271f75a19c74ead8fdd95d36160e268e
  Reveal-iOS-SDK: dcfeb671c7da222c85f18f866da2ce88de075524
  SVWebViewController: fbf917baa92744c54cfb89a52a4c056e409973a4

COCOAPODS: 0.36.0
