// !$*UTF8*$!
{
	archiveVersion = 1;
	classes = {
	};
	objectVersion = 46;
	objects = {

/* Begin PBXBuildFile section */
		A91009C9164EEDC200779F84 /* SGBlogEntry.m in Sources */ = {isa = PBXBuildFile; fileRef = A91009C8164EEDC200779F84 /* SGBlogEntry.m */; };
		A91009CC164EF31B00779F84 /* SGCurrentBlogItemsGetter.m in Sources */ = {isa = PBXBuildFile; fileRef = A91009CB164EF31B00779F84 /* SGCurrentBlogItemsGetter.m */; };
		A91009D41650084F00779F84 /* SGPostViewController.m in Sources */ = {isa = PBXBuildFile; fileRef = A91009D31650084F00779F84 /* SGPostViewController.m */; };
		A91009D71650231500779F84 /* UIImage+General.m in Sources */ = {isa = PBXBuildFile; fileRef = A91009D61650231500779F84 /* UIImage+General.m */; };
		A91009D9165030D600779F84 /* CoreText.framework in Frameworks */ = {isa = PBXBuildFile; fileRef = A91009D8165030D600779F84 /* CoreText.framework */; };
		A9100A4B165037A600779F84 /* ImageIO.framework in Frameworks */ = {isa = PBXBuildFile; fileRef = A9100A4A165037A600779F84 /* ImageIO.framework */; };
		A9100A4D165037B100779F84 /* QuartzCore.framework in Frameworks */ = {isa = PBXBuildFile; fileRef = A9100A4C165037B100779F84 /* QuartzCore.framework */; };
		A9100A4F165044DD00779F84 /* SystemConfiguration.framework in Frameworks */ = {isa = PBXBuildFile; fileRef = A9100A4E165044DD00779F84 /* SystemConfiguration.framework */; };
		A9100A541650F9EF00779F84 /* SGMenuViewController.m in Sources */ = {isa = PBXBuildFile; fileRef = A9100A531650F9EF00779F84 /* SGMenuViewController.m */; };
		A9100A5816510AD500779F84 /* UIImage+Menu.m in Sources */ = {isa = PBXBuildFile; fileRef = A9100A5716510AD500779F84 /* UIImage+Menu.m */; };
		A9100A5B165247C200779F84 /* SGFavorites.m in Sources */ = {isa = PBXBuildFile; fileRef = A9100A5A165247C200779F84 /* SGFavorites.m */; };
		A9100A6216531E6300779F84 /* load_bg@2x.png in Resources */ = {isa = PBXBuildFile; fileRef = A9100A6116531E6300779F84 /* load_bg@2x.png */; };
		A9100A6516531FEE00779F84 /* load_spinner.png in Resources */ = {isa = PBXBuildFile; fileRef = A9100A6316531FEE00779F84 /* load_spinner.png */; };
		A9100A6616531FEE00779F84 /* load_spinner@2x.png in Resources */ = {isa = PBXBuildFile; fileRef = A9100A6416531FEE00779F84 /* load_spinner@2x.png */; };
		A9100A681653200700779F84 /* load_bg.png in Resources */ = {isa = PBXBuildFile; fileRef = A9100A671653200700779F84 /* load_bg.png */; };
		A9100A6B1653A1B400779F84 /* load_text.png in Resources */ = {isa = PBXBuildFile; fileRef = A9100A691653A1B400779F84 /* load_text.png */; };
		A9100A6C1653A1B400779F84 /* load_text@2x.png in Resources */ = {isa = PBXBuildFile; fileRef = A9100A6A1653A1B400779F84 /* load_text@2x.png */; };
		A9100A701654EF1D00779F84 /* SGArchiveSelectionViewController.m in Sources */ = {isa = PBXBuildFile; fileRef = A9100A6F1654EF1D00779F84 /* SGArchiveSelectionViewController.m */; };
		A9100A731654FF5E00779F84 /* NSDate+General.m in Sources */ = {isa = PBXBuildFile; fileRef = A9100A721654FF5E00779F84 /* NSDate+General.m */; };
		A9100A761656394600779F84 /* SGFeedSelection.m in Sources */ = {isa = PBXBuildFile; fileRef = A9100A751656394600779F84 /* SGFeedSelection.m */; };
		A925BE8A165E3A5500C3B79D /* NSFileManager+Util.m in Sources */ = {isa = PBXBuildFile; fileRef = A925BE89165E3A5500C3B79D /* NSFileManager+Util.m */; };
		A93BA3FD165F800F003AD9AA /* SGInAppPurchase.m in Sources */ = {isa = PBXBuildFile; fileRef = A93BA3FC165F800F003AD9AA /* SGInAppPurchase.m */; };
		A93BA40C165F8B6F003AD9AA /* libFlurry.a in Frameworks */ = {isa = PBXBuildFile; fileRef = A93BA40B165F89ED003AD9AA /* libFlurry.a */; };
		A93BA40F165F8D65003AD9AA /* SGLogger.m in Sources */ = {isa = PBXBuildFile; fileRef = A93BA40E165F8D65003AD9AA /* SGLogger.m */; };
		A95EA3F9165C8D9900A58FB4 /* books-568h@2x.png in Resources */ = {isa = PBXBuildFile; fileRef = A95EA3F8165C8D9900A58FB4 /* books-568h@2x.png */; };
		A95EA3FD165C8DC800A58FB4 /* books.png in Resources */ = {isa = PBXBuildFile; fileRef = A95EA3FB165C8DC800A58FB4 /* books.png */; };
		A95EA3FE165C8DC800A58FB4 /* books@2x.png in Resources */ = {isa = PBXBuildFile; fileRef = A95EA3FC165C8DC800A58FB4 /* books@2x.png */; };
		A95EA401165CDBC100A58FB4 /* SGUSerDefaults.m in Sources */ = {isa = PBXBuildFile; fileRef = A95EA400165CDBC100A58FB4 /* SGUSerDefaults.m */; };
		A95EA405165CDDC700A58FB4 /* SGUpdradeViewController.m in Sources */ = {isa = PBXBuildFile; fileRef = A95EA404165CDDC700A58FB4 /* SGUpdradeViewController.m */; };
		A95EA408165CE19500A58FB4 /* UIImage+Upgrade.m in Sources */ = {isa = PBXBuildFile; fileRef = A95EA407165CE19500A58FB4 /* UIImage+Upgrade.m */; };
		A95EA40B165CE75400A58FB4 /* SGUpgradedViewController.m in Sources */ = {isa = PBXBuildFile; fileRef = A95EA40A165CE75400A58FB4 /* SGUpgradedViewController.m */; };
		A974FBF71667532C00B29748 /* SGAlertView.m in Sources */ = {isa = PBXBuildFile; fileRef = A974FBF61667532C00B29748 /* SGAlertView.m */; };
		A974FC0F16676ED200B29748 /* Icon@2x.png in Resources */ = {isa = PBXBuildFile; fileRef = A974FC0E16676ED200B29748 /* Icon@2x.png */; };
		A974FC1116676EDD00B29748 /* Icon.png in Resources */ = {isa = PBXBuildFile; fileRef = A974FC1016676EDD00B29748 /* Icon.png */; };
		A974FC1316676F3000B29748 /* smallspinner.png in Resources */ = {isa = PBXBuildFile; fileRef = A974FC1216676F3000B29748 /* smallspinner.png */; };
		A97E880B16563CD800777A82 /* SGNotifications.m in Sources */ = {isa = PBXBuildFile; fileRef = A97E880A16563CD800777A82 /* SGNotifications.m */; };
		A97E880F1656465D00777A82 /* SGBlogItemsGetter.m in Sources */ = {isa = PBXBuildFile; fileRef = A97E880E1656465D00777A82 /* SGBlogItemsGetter.m */; };
		A97E8812165646BC00777A82 /* SGArchiveBlogItemsGetter.m in Sources */ = {isa = PBXBuildFile; fileRef = A97E8811165646BC00777A82 /* SGArchiveBlogItemsGetter.m */; };
		A97E88151657AA2F00777A82 /* SGFavoritesBlogItemsGetter.m in Sources */ = {isa = PBXBuildFile; fileRef = A97E88141657AA2F00777A82 /* SGFavoritesBlogItemsGetter.m */; };
		A97E88211657C73400777A82 /* SGWebViewController.m in Sources */ = {isa = PBXBuildFile; fileRef = A97E88201657C73400777A82 /* SGWebViewController.m */; };
		A97E88241657CD9300777A82 /* EPZToolBar.m in Sources */ = {isa = PBXBuildFile; fileRef = A97E88231657CD7100777A82 /* EPZToolBar.m */; };
		A97E88271657D63200777A82 /* NSArray+Util.m in Sources */ = {isa = PBXBuildFile; fileRef = A97E88261657D63200777A82 /* NSArray+Util.m */; };
		A97E882A1657EF6100777A82 /* UIColor+General.m in Sources */ = {isa = PBXBuildFile; fileRef = A97E88291657EF6100777A82 /* UIColor+General.m */; };
		A97E882D16581F0C00777A82 /* SGSearchBlogItemsGetter.m in Sources */ = {isa = PBXBuildFile; fileRef = A97E882C16581F0B00777A82 /* SGSearchBlogItemsGetter.m */; };
		A97E88311658441E00777A82 /* SGBookPurchaseViewController.m in Sources */ = {isa = PBXBuildFile; fileRef = A97E88301658441E00777A82 /* SGBookPurchaseViewController.m */; };
		A97E883B1658464F00777A82 /* BookCellView.xib in Resources */ = {isa = PBXBuildFile; fileRef = A97E883A1658464F00777A82 /* BookCellView.xib */; };
		A97E883E1658F83E00777A82 /* SGPurchaseItem.m in Sources */ = {isa = PBXBuildFile; fileRef = A97E883D1658F83D00777A82 /* SGPurchaseItem.m */; };
		A97E88411659056D00777A82 /* SGPurchaseItemGetter.m in Sources */ = {isa = PBXBuildFile; fileRef = A97E88401659056C00777A82 /* SGPurchaseItemGetter.m */; };
		A97E884416590C7C00777A82 /* NSDictionary-Expanded.m in Sources */ = {isa = PBXBuildFile; fileRef = A97E884316590C7200777A82 /* NSDictionary-Expanded.m */; };
		A97E885216591C0100777A82 /* BlockActionSheet.m in Sources */ = {isa = PBXBuildFile; fileRef = A97E884B16591C0100777A82 /* BlockActionSheet.m */; settings = {COMPILER_FLAGS = "-fno-objc-arc "; }; };
		A97E885316591C0100777A82 /* BlockAlertView.m in Sources */ = {isa = PBXBuildFile; fileRef = A97E884D16591C0100777A82 /* BlockAlertView.m */; settings = {COMPILER_FLAGS = "-fno-objc-arc "; }; };
		A97E885416591C0100777A82 /* BlockBackground.m in Sources */ = {isa = PBXBuildFile; fileRef = A97E884F16591C0100777A82 /* BlockBackground.m */; settings = {COMPILER_FLAGS = "-fno-objc-arc "; }; };
		A97E885516591C0100777A82 /* BlockTextPromptAlertView.m in Sources */ = {isa = PBXBuildFile; fileRef = A97E885116591C0100777A82 /* BlockTextPromptAlertView.m */; settings = {COMPILER_FLAGS = "-fno-objc-arc "; }; };
		A97E88591659212100777A82 /* SGBookCellView.m in Sources */ = {isa = PBXBuildFile; fileRef = A97E88581659212100777A82 /* SGBookCellView.m */; };
		A98ABCA6165B88EA00919F8F /* NSString+Util.m in Sources */ = {isa = PBXBuildFile; fileRef = A98ABCA5165B88EA00919F8F /* NSString+Util.m */; };
		A9A84D77165D7C2B0071BEDD /* smallspinner@2x.png in Resources */ = {isa = PBXBuildFile; fileRef = A9A84D76165D7C2B0071BEDD /* smallspinner@2x.png */; };
		A9D684E8164CFE8D007A9ADA /* UIKit.framework in Frameworks */ = {isa = PBXBuildFile; fileRef = A9D684E7164CFE8D007A9ADA /* UIKit.framework */; };
		A9D684EA164CFE8D007A9ADA /* Foundation.framework in Frameworks */ = {isa = PBXBuildFile; fileRef = A9D684E9164CFE8D007A9ADA /* Foundation.framework */; };
		A9D684EC164CFE8D007A9ADA /* CoreGraphics.framework in Frameworks */ = {isa = PBXBuildFile; fileRef = A9D684EB164CFE8D007A9ADA /* CoreGraphics.framework */; };
		A9D684F2164CFE8D007A9ADA /* InfoPlist.strings in Resources */ = {isa = PBXBuildFile; fileRef = A9D684F0164CFE8D007A9ADA /* InfoPlist.strings */; };
		A9D684F4164CFE8D007A9ADA /* main.m in Sources */ = {isa = PBXBuildFile; fileRef = A9D684F3164CFE8D007A9ADA /* main.m */; };
		A9D684F8164CFE8D007A9ADA /* SGAppDelegate.m in Sources */ = {isa = PBXBuildFile; fileRef = A9D684F7164CFE8D007A9ADA /* SGAppDelegate.m */; };
		A9D684FA164CFE8D007A9ADA /* Default.png in Resources */ = {isa = PBXBuildFile; fileRef = A9D684F9164CFE8D007A9ADA /* Default.png */; };
		A9D684FC164CFE8D007A9ADA /* Default@2x.png in Resources */ = {isa = PBXBuildFile; fileRef = A9D684FB164CFE8D007A9ADA /* Default@2x.png */; };
		A9D684FE164CFE8D007A9ADA /* Default-568h@2x.png in Resources */ = {isa = PBXBuildFile; fileRef = A9D684FD164CFE8D007A9ADA /* Default-568h@2x.png */; };
		A9D68501164CFE8D007A9ADA /* MainStoryboard_iPhone.storyboard in Resources */ = {isa = PBXBuildFile; fileRef = A9D684FF164CFE8D007A9ADA /* MainStoryboard_iPhone.storyboard */; };
		A9D68504164CFE8D007A9ADA /* MainStoryboard_iPad.storyboard in Resources */ = {isa = PBXBuildFile; fileRef = A9D68502164CFE8D007A9ADA /* MainStoryboard_iPad.storyboard */; };
		A9D68507164CFE8D007A9ADA /* SGFeedItemsViewController.m in Sources */ = {isa = PBXBuildFile; fileRef = A9D68506164CFE8D007A9ADA /* SGFeedItemsViewController.m */; };
		A9D68522164D006A007A9ADA /* AFHTTPClient.m in Sources */ = {isa = PBXBuildFile; fileRef = A9D68510164D006A007A9ADA /* AFHTTPClient.m */; };
		A9D68523164D006A007A9ADA /* AFHTTPRequestOperation.m in Sources */ = {isa = PBXBuildFile; fileRef = A9D68512164D006A007A9ADA /* AFHTTPRequestOperation.m */; };
		A9D68524164D006A007A9ADA /* AFImageRequestOperation.m in Sources */ = {isa = PBXBuildFile; fileRef = A9D68514164D006A007A9ADA /* AFImageRequestOperation.m */; };
		A9D68525164D006A007A9ADA /* AFJSONRequestOperation.m in Sources */ = {isa = PBXBuildFile; fileRef = A9D68516164D006A007A9ADA /* AFJSONRequestOperation.m */; };
		A9D68526164D006A007A9ADA /* AFNetworkActivityIndicatorManager.m in Sources */ = {isa = PBXBuildFile; fileRef = A9D68518164D006A007A9ADA /* AFNetworkActivityIndicatorManager.m */; };
		A9D68527164D006A007A9ADA /* AFPropertyListRequestOperation.m in Sources */ = {isa = PBXBuildFile; fileRef = A9D6851B164D006A007A9ADA /* AFPropertyListRequestOperation.m */; };
		A9D68528164D006A007A9ADA /* AFURLConnectionOperation.m in Sources */ = {isa = PBXBuildFile; fileRef = A9D6851D164D006A007A9ADA /* AFURLConnectionOperation.m */; };
		A9D68529164D006A007A9ADA /* AFXMLRequestOperation.m in Sources */ = {isa = PBXBuildFile; fileRef = A9D6851F164D006A007A9ADA /* AFXMLRequestOperation.m */; };
		A9D6852A164D006A007A9ADA /* UIImageView+AFNetworking.m in Sources */ = {isa = PBXBuildFile; fileRef = A9D68521164D006A007A9ADA /* UIImageView+AFNetworking.m */; };
		A9D6853B164D041B007A9ADA /* DDXMLElementAdditions.m in Sources */ = {isa = PBXBuildFile; fileRef = A9D6852E164D041B007A9ADA /* DDXMLElementAdditions.m */; };
		A9D6853C164D041B007A9ADA /* NSString+DDXML.m in Sources */ = {isa = PBXBuildFile; fileRef = A9D68531164D041B007A9ADA /* NSString+DDXML.m */; };
		A9D6853D164D041B007A9ADA /* DDXMLDocument.m in Sources */ = {isa = PBXBuildFile; fileRef = A9D68534164D041B007A9ADA /* DDXMLDocument.m */; };
		A9D6853E164D041B007A9ADA /* DDXMLElement.m in Sources */ = {isa = PBXBuildFile; fileRef = A9D68536164D041B007A9ADA /* DDXMLElement.m */; };
		A9D6853F164D041B007A9ADA /* DDXMLNode.m in Sources */ = {isa = PBXBuildFile; fileRef = A9D68538164D041B007A9ADA /* DDXMLNode.m */; };
		A9D6854D164D0578007A9ADA /* libxml2.dylib in Frameworks */ = {isa = PBXBuildFile; fileRef = A9D6854C164D0578007A9ADA /* libxml2.dylib */; };
		A9D68554164D0DE3007A9ADA /* UIImage+RSSSelection.m in Sources */ = {isa = PBXBuildFile; fileRef = A9D68553164D0DE3007A9ADA /* UIImage+RSSSelection.m */; };
		A9D68555164D100C007A9ADA /* UIImage+BBlock.m in Sources */ = {isa = PBXBuildFile; fileRef = A9D68551164D0DC6007A9ADA /* UIImage+BBlock.m */; settings = {COMPILER_FLAGS = "-fno-objc-arc "; }; };
		A9D8385616596E9300A79669 /* StoreKit.framework in Frameworks */ = {isa = PBXBuildFile; fileRef = A9D8385516596E9300A79669 /* StoreKit.framework */; };
		A9D8385A1659853F00A79669 /* SGLoadingAnimation.m in Sources */ = {isa = PBXBuildFile; fileRef = A9D838591659853F00A79669 /* SGLoadingAnimation.m */; };
/* End PBXBuildFile section */

/* Begin PBXFileReference section */
		A905B15D166627FB0092F3D0 /* SethGodin.entitlements */ = {isa = PBXFileReference; lastKnownFileType = text.xml; path = SethGodin.entitlements; sourceTree = "<group>"; };
		A91009C7164EEDC200779F84 /* SGBlogEntry.h */ = {isa = PBXFileReference; fileEncoding = 4; lastKnownFileType = sourcecode.c.h; path = SGBlogEntry.h; sourceTree = "<group>"; };
		A91009C8164EEDC200779F84 /* SGBlogEntry.m */ = {isa = PBXFileReference; fileEncoding = 4; lastKnownFileType = sourcecode.c.objc; path = SGBlogEntry.m; sourceTree = "<group>"; };
		A91009CA164EF31B00779F84 /* SGCurrentBlogItemsGetter.h */ = {isa = PBXFileReference; fileEncoding = 4; lastKnownFileType = sourcecode.c.h; path = SGCurrentBlogItemsGetter.h; sourceTree = "<group>"; };
		A91009CB164EF31B00779F84 /* SGCurrentBlogItemsGetter.m */ = {isa = PBXFileReference; fileEncoding = 4; lastKnownFileType = sourcecode.c.objc; path = SGCurrentBlogItemsGetter.m; sourceTree = "<group>"; };
		A91009D21650084F00779F84 /* SGPostViewController.h */ = {isa = PBXFileReference; fileEncoding = 4; lastKnownFileType = sourcecode.c.h; path = SGPostViewController.h; sourceTree = "<group>"; };
		A91009D31650084F00779F84 /* SGPostViewController.m */ = {isa = PBXFileReference; fileEncoding = 4; lastKnownFileType = sourcecode.c.objc; path = SGPostViewController.m; sourceTree = "<group>"; };
		A91009D51650231500779F84 /* UIImage+General.h */ = {isa = PBXFileReference; fileEncoding = 4; lastKnownFileType = sourcecode.c.h; name = "UIImage+General.h"; path = "SethGodin/UIImage+General.h"; sourceTree = "<group>"; };
		A91009D61650231500779F84 /* UIImage+General.m */ = {isa = PBXFileReference; fileEncoding = 4; lastKnownFileType = sourcecode.c.objc; name = "UIImage+General.m"; path = "SethGodin/UIImage+General.m"; sourceTree = "<group>"; };
		A91009D8165030D600779F84 /* CoreText.framework */ = {isa = PBXFileReference; lastKnownFileType = wrapper.framework; name = CoreText.framework; path = System/Library/Frameworks/CoreText.framework; sourceTree = SDKROOT; };
		A9100A4A165037A600779F84 /* ImageIO.framework */ = {isa = PBXFileReference; lastKnownFileType = wrapper.framework; name = ImageIO.framework; path = System/Library/Frameworks/ImageIO.framework; sourceTree = SDKROOT; };
		A9100A4C165037B100779F84 /* QuartzCore.framework */ = {isa = PBXFileReference; lastKnownFileType = wrapper.framework; name = QuartzCore.framework; path = System/Library/Frameworks/QuartzCore.framework; sourceTree = SDKROOT; };
		A9100A4E165044DD00779F84 /* SystemConfiguration.framework */ = {isa = PBXFileReference; lastKnownFileType = wrapper.framework; name = SystemConfiguration.framework; path = System/Library/Frameworks/SystemConfiguration.framework; sourceTree = SDKROOT; };
		A9100A521650F9EF00779F84 /* SGMenuViewController.h */ = {isa = PBXFileReference; fileEncoding = 4; lastKnownFileType = sourcecode.c.h; path = SGMenuViewController.h; sourceTree = "<group>"; };
		A9100A531650F9EF00779F84 /* SGMenuViewController.m */ = {isa = PBXFileReference; fileEncoding = 4; lastKnownFileType = sourcecode.c.objc; path = SGMenuViewController.m; sourceTree = "<group>"; };
		A9100A551650FC5700779F84 /* BlockTypes.h */ = {isa = PBXFileReference; lastKnownFileType = sourcecode.c.h; name = BlockTypes.h; path = SethGodin/BlockTypes.h; sourceTree = "<group>"; };
		A9100A5616510AD500779F84 /* UIImage+Menu.h */ = {isa = PBXFileReference; fileEncoding = 4; lastKnownFileType = sourcecode.c.h; path = "UIImage+Menu.h"; sourceTree = "<group>"; };
		A9100A5716510AD500779F84 /* UIImage+Menu.m */ = {isa = PBXFileReference; fileEncoding = 4; lastKnownFileType = sourcecode.c.objc; path = "UIImage+Menu.m"; sourceTree = "<group>"; };
		A9100A59165247C200779F84 /* SGFavorites.h */ = {isa = PBXFileReference; fileEncoding = 4; lastKnownFileType = sourcecode.c.h; path = SGFavorites.h; sourceTree = "<group>"; };
		A9100A5A165247C200779F84 /* SGFavorites.m */ = {isa = PBXFileReference; fileEncoding = 4; lastKnownFileType = sourcecode.c.objc; path = SGFavorites.m; sourceTree = "<group>"; };
		A9100A6116531E6300779F84 /* load_bg@2x.png */ = {isa = PBXFileReference; lastKnownFileType = image.png; path = "load_bg@2x.png"; sourceTree = "<group>"; };
		A9100A6316531FEE00779F84 /* load_spinner.png */ = {isa = PBXFileReference; lastKnownFileType = image.png; path = load_spinner.png; sourceTree = "<group>"; };
		A9100A6416531FEE00779F84 /* load_spinner@2x.png */ = {isa = PBXFileReference; lastKnownFileType = image.png; path = "load_spinner@2x.png"; sourceTree = "<group>"; };
		A9100A671653200700779F84 /* load_bg.png */ = {isa = PBXFileReference; lastKnownFileType = image.png; path = load_bg.png; sourceTree = "<group>"; };
		A9100A691653A1B400779F84 /* load_text.png */ = {isa = PBXFileReference; lastKnownFileType = image.png; path = load_text.png; sourceTree = "<group>"; };
		A9100A6A1653A1B400779F84 /* load_text@2x.png */ = {isa = PBXFileReference; lastKnownFileType = image.png; path = "load_text@2x.png"; sourceTree = "<group>"; };
		A9100A6E1654EF1D00779F84 /* SGArchiveSelectionViewController.h */ = {isa = PBXFileReference; fileEncoding = 4; lastKnownFileType = sourcecode.c.h; path = SGArchiveSelectionViewController.h; sourceTree = "<group>"; };
		A9100A6F1654EF1D00779F84 /* SGArchiveSelectionViewController.m */ = {isa = PBXFileReference; fileEncoding = 4; lastKnownFileType = sourcecode.c.objc; path = SGArchiveSelectionViewController.m; sourceTree = "<group>"; };
		A9100A711654FF5E00779F84 /* NSDate+General.h */ = {isa = PBXFileReference; fileEncoding = 4; lastKnownFileType = sourcecode.c.h; name = "NSDate+General.h"; path = "SethGodin/NSDate+General.h"; sourceTree = "<group>"; };
		A9100A721654FF5E00779F84 /* NSDate+General.m */ = {isa = PBXFileReference; fileEncoding = 4; lastKnownFileType = sourcecode.c.objc; name = "NSDate+General.m"; path = "SethGodin/NSDate+General.m"; sourceTree = "<group>"; };
		A9100A741656394600779F84 /* SGFeedSelection.h */ = {isa = PBXFileReference; fileEncoding = 4; lastKnownFileType = sourcecode.c.h; path = SGFeedSelection.h; sourceTree = "<group>"; };
		A9100A751656394600779F84 /* SGFeedSelection.m */ = {isa = PBXFileReference; fileEncoding = 4; lastKnownFileType = sourcecode.c.objc; path = SGFeedSelection.m; sourceTree = "<group>"; };
		A925BE88165E3A5500C3B79D /* NSFileManager+Util.h */ = {isa = PBXFileReference; fileEncoding = 4; lastKnownFileType = sourcecode.c.h; name = "NSFileManager+Util.h"; path = "SethGodin/NSFileManager+Util.h"; sourceTree = "<group>"; };
		A925BE89165E3A5500C3B79D /* NSFileManager+Util.m */ = {isa = PBXFileReference; fileEncoding = 4; lastKnownFileType = sourcecode.c.objc; name = "NSFileManager+Util.m"; path = "SethGodin/NSFileManager+Util.m"; sourceTree = "<group>"; };
		A93BA3FB165F800F003AD9AA /* SGInAppPurchase.h */ = {isa = PBXFileReference; fileEncoding = 4; lastKnownFileType = sourcecode.c.h; path = SGInAppPurchase.h; sourceTree = "<group>"; };
		A93BA3FC165F800F003AD9AA /* SGInAppPurchase.m */ = {isa = PBXFileReference; fileEncoding = 4; lastKnownFileType = sourcecode.c.objc; path = SGInAppPurchase.m; sourceTree = "<group>"; };
		A93BA40A165F89ED003AD9AA /* Flurry.h */ = {isa = PBXFileReference; lastKnownFileType = sourcecode.c.h; path = Flurry.h; sourceTree = "<group>"; };
		A93BA40B165F89ED003AD9AA /* libFlurry.a */ = {isa = PBXFileReference; lastKnownFileType = archive.ar; path = libFlurry.a; sourceTree = "<group>"; };
		A93BA40D165F8D65003AD9AA /* SGLogger.h */ = {isa = PBXFileReference; fileEncoding = 4; lastKnownFileType = sourcecode.c.h; path = SGLogger.h; sourceTree = "<group>"; };
		A93BA40E165F8D65003AD9AA /* SGLogger.m */ = {isa = PBXFileReference; fileEncoding = 4; lastKnownFileType = sourcecode.c.objc; path = SGLogger.m; sourceTree = "<group>"; };
		A95EA3F8165C8D9900A58FB4 /* books-568h@2x.png */ = {isa = PBXFileReference; lastKnownFileType = image.png; path = "books-568h@2x.png"; sourceTree = "<group>"; };
		A95EA3FB165C8DC800A58FB4 /* books.png */ = {isa = PBXFileReference; lastKnownFileType = image.png; path = books.png; sourceTree = "<group>"; };
		A95EA3FC165C8DC800A58FB4 /* books@2x.png */ = {isa = PBXFileReference; lastKnownFileType = image.png; path = "books@2x.png"; sourceTree = "<group>"; };
		A95EA3FF165CDBC100A58FB4 /* SGUSerDefaults.h */ = {isa = PBXFileReference; fileEncoding = 4; lastKnownFileType = sourcecode.c.h; name = SGUSerDefaults.h; path = SethGodin/SGUSerDefaults.h; sourceTree = "<group>"; };
		A95EA400165CDBC100A58FB4 /* SGUSerDefaults.m */ = {isa = PBXFileReference; fileEncoding = 4; lastKnownFileType = sourcecode.c.objc; name = SGUSerDefaults.m; path = SethGodin/SGUSerDefaults.m; sourceTree = "<group>"; };
		A95EA403165CDDC700A58FB4 /* SGUpdradeViewController.h */ = {isa = PBXFileReference; fileEncoding = 4; lastKnownFileType = sourcecode.c.h; path = SGUpdradeViewController.h; sourceTree = "<group>"; };
		A95EA404165CDDC700A58FB4 /* SGUpdradeViewController.m */ = {isa = PBXFileReference; fileEncoding = 4; lastKnownFileType = sourcecode.c.objc; path = SGUpdradeViewController.m; sourceTree = "<group>"; };
		A95EA406165CE19500A58FB4 /* UIImage+Upgrade.h */ = {isa = PBXFileReference; fileEncoding = 4; lastKnownFileType = sourcecode.c.h; path = "UIImage+Upgrade.h"; sourceTree = "<group>"; };
		A95EA407165CE19500A58FB4 /* UIImage+Upgrade.m */ = {isa = PBXFileReference; fileEncoding = 4; lastKnownFileType = sourcecode.c.objc; path = "UIImage+Upgrade.m"; sourceTree = "<group>"; };
		A95EA409165CE75400A58FB4 /* SGUpgradedViewController.h */ = {isa = PBXFileReference; fileEncoding = 4; lastKnownFileType = sourcecode.c.h; path = SGUpgradedViewController.h; sourceTree = "<group>"; };
		A95EA40A165CE75400A58FB4 /* SGUpgradedViewController.m */ = {isa = PBXFileReference; fileEncoding = 4; lastKnownFileType = sourcecode.c.objc; path = SGUpgradedViewController.m; sourceTree = "<group>"; };
		A974FBF51667532C00B29748 /* SGAlertView.h */ = {isa = PBXFileReference; fileEncoding = 4; lastKnownFileType = sourcecode.c.h; name = SGAlertView.h; path = SethGodin/SGAlertView.h; sourceTree = "<group>"; };
		A974FBF61667532C00B29748 /* SGAlertView.m */ = {isa = PBXFileReference; fileEncoding = 4; lastKnownFileType = sourcecode.c.objc; name = SGAlertView.m; path = SethGodin/SGAlertView.m; sourceTree = "<group>"; };
		A974FC0E16676ED200B29748 /* Icon@2x.png */ = {isa = PBXFileReference; lastKnownFileType = image.png; path = "Icon@2x.png"; sourceTree = "<group>"; };
		A974FC1016676EDD00B29748 /* Icon.png */ = {isa = PBXFileReference; lastKnownFileType = image.png; path = Icon.png; sourceTree = "<group>"; };
		A974FC1216676F3000B29748 /* smallspinner.png */ = {isa = PBXFileReference; lastKnownFileType = image.png; path = smallspinner.png; sourceTree = "<group>"; };
		A97E880916563CD800777A82 /* SGNotifications.h */ = {isa = PBXFileReference; fileEncoding = 4; lastKnownFileType = sourcecode.c.h; path = SGNotifications.h; sourceTree = "<group>"; };
		A97E880A16563CD800777A82 /* SGNotifications.m */ = {isa = PBXFileReference; fileEncoding = 4; lastKnownFileType = sourcecode.c.objc; path = SGNotifications.m; sourceTree = "<group>"; };
		A97E880D1656465D00777A82 /* SGBlogItemsGetter.h */ = {isa = PBXFileReference; fileEncoding = 4; lastKnownFileType = sourcecode.c.h; path = SGBlogItemsGetter.h; sourceTree = "<group>"; };
		A97E880E1656465D00777A82 /* SGBlogItemsGetter.m */ = {isa = PBXFileReference; fileEncoding = 4; lastKnownFileType = sourcecode.c.objc; path = SGBlogItemsGetter.m; sourceTree = "<group>"; };
		A97E8810165646BC00777A82 /* SGArchiveBlogItemsGetter.h */ = {isa = PBXFileReference; fileEncoding = 4; lastKnownFileType = sourcecode.c.h; path = SGArchiveBlogItemsGetter.h; sourceTree = "<group>"; };
		A97E8811165646BC00777A82 /* SGArchiveBlogItemsGetter.m */ = {isa = PBXFileReference; fileEncoding = 4; lastKnownFileType = sourcecode.c.objc; path = SGArchiveBlogItemsGetter.m; sourceTree = "<group>"; };
		A97E88131657AA2F00777A82 /* SGFavoritesBlogItemsGetter.h */ = {isa = PBXFileReference; fileEncoding = 4; lastKnownFileType = sourcecode.c.h; path = SGFavoritesBlogItemsGetter.h; sourceTree = "<group>"; };
		A97E88141657AA2F00777A82 /* SGFavoritesBlogItemsGetter.m */ = {isa = PBXFileReference; fileEncoding = 4; lastKnownFileType = sourcecode.c.objc; path = SGFavoritesBlogItemsGetter.m; sourceTree = "<group>"; };
		A97E881F1657C73400777A82 /* SGWebViewController.h */ = {isa = PBXFileReference; fileEncoding = 4; lastKnownFileType = sourcecode.c.h; name = SGWebViewController.h; path = SethGodin/SGWebViewController.h; sourceTree = "<group>"; };
		A97E88201657C73400777A82 /* SGWebViewController.m */ = {isa = PBXFileReference; fileEncoding = 4; lastKnownFileType = sourcecode.c.objc; name = SGWebViewController.m; path = SethGodin/SGWebViewController.m; sourceTree = "<group>"; };
		A97E88221657CD7100777A82 /* EPZToolBar.h */ = {isa = PBXFileReference; lastKnownFileType = sourcecode.c.h; path = EPZToolBar.h; sourceTree = "<group>"; };
		A97E88231657CD7100777A82 /* EPZToolBar.m */ = {isa = PBXFileReference; lastKnownFileType = sourcecode.c.objc; path = EPZToolBar.m; sourceTree = "<group>"; };
		A97E88251657D63200777A82 /* NSArray+Util.h */ = {isa = PBXFileReference; fileEncoding = 4; lastKnownFileType = sourcecode.c.h; name = "NSArray+Util.h"; path = "SethGodin/NSArray+Util.h"; sourceTree = "<group>"; };
		A97E88261657D63200777A82 /* NSArray+Util.m */ = {isa = PBXFileReference; fileEncoding = 4; lastKnownFileType = sourcecode.c.objc; name = "NSArray+Util.m"; path = "SethGodin/NSArray+Util.m"; sourceTree = "<group>"; };
		A97E88281657EF6100777A82 /* UIColor+General.h */ = {isa = PBXFileReference; fileEncoding = 4; lastKnownFileType = sourcecode.c.h; name = "UIColor+General.h"; path = "SethGodin/UIColor+General.h"; sourceTree = "<group>"; };
		A97E88291657EF6100777A82 /* UIColor+General.m */ = {isa = PBXFileReference; fileEncoding = 4; lastKnownFileType = sourcecode.c.objc; name = "UIColor+General.m"; path = "SethGodin/UIColor+General.m"; sourceTree = "<group>"; };
		A97E882B16581F0B00777A82 /* SGSearchBlogItemsGetter.h */ = {isa = PBXFileReference; fileEncoding = 4; lastKnownFileType = sourcecode.c.h; path = SGSearchBlogItemsGetter.h; sourceTree = "<group>"; };
		A97E882C16581F0B00777A82 /* SGSearchBlogItemsGetter.m */ = {isa = PBXFileReference; fileEncoding = 4; lastKnownFileType = sourcecode.c.objc; path = SGSearchBlogItemsGetter.m; sourceTree = "<group>"; };
		A97E882F1658441E00777A82 /* SGBookPurchaseViewController.h */ = {isa = PBXFileReference; fileEncoding = 4; lastKnownFileType = sourcecode.c.h; path = SGBookPurchaseViewController.h; sourceTree = "<group>"; };
		A97E88301658441E00777A82 /* SGBookPurchaseViewController.m */ = {isa = PBXFileReference; fileEncoding = 4; lastKnownFileType = sourcecode.c.objc; path = SGBookPurchaseViewController.m; sourceTree = "<group>"; };
		A97E883A1658464F00777A82 /* BookCellView.xib */ = {isa = PBXFileReference; fileEncoding = 4; lastKnownFileType = file.xib; path = BookCellView.xib; sourceTree = "<group>"; };
		A97E883C1658F83D00777A82 /* SGPurchaseItem.h */ = {isa = PBXFileReference; fileEncoding = 4; lastKnownFileType = sourcecode.c.h; path = SGPurchaseItem.h; sourceTree = "<group>"; };
		A97E883D1658F83D00777A82 /* SGPurchaseItem.m */ = {isa = PBXFileReference; fileEncoding = 4; lastKnownFileType = sourcecode.c.objc; path = SGPurchaseItem.m; sourceTree = "<group>"; };
		A97E883F1659056C00777A82 /* SGPurchaseItemGetter.h */ = {isa = PBXFileReference; fileEncoding = 4; lastKnownFileType = sourcecode.c.h; path = SGPurchaseItemGetter.h; sourceTree = "<group>"; };
		A97E88401659056C00777A82 /* SGPurchaseItemGetter.m */ = {isa = PBXFileReference; fileEncoding = 4; lastKnownFileType = sourcecode.c.objc; path = SGPurchaseItemGetter.m; sourceTree = "<group>"; };
		A97E884216590C7200777A82 /* NSDictionary-Expanded.h */ = {isa = PBXFileReference; lastKnownFileType = sourcecode.c.h; path = "NSDictionary-Expanded.h"; sourceTree = "<group>"; };
		A97E884316590C7200777A82 /* NSDictionary-Expanded.m */ = {isa = PBXFileReference; lastKnownFileType = sourcecode.c.objc; path = "NSDictionary-Expanded.m"; sourceTree = "<group>"; };
		A97E884A16591C0100777A82 /* BlockActionSheet.h */ = {isa = PBXFileReference; fileEncoding = 4; lastKnownFileType = sourcecode.c.h; path = BlockActionSheet.h; sourceTree = "<group>"; };
		A97E884B16591C0100777A82 /* BlockActionSheet.m */ = {isa = PBXFileReference; fileEncoding = 4; lastKnownFileType = sourcecode.c.objc; path = BlockActionSheet.m; sourceTree = "<group>"; };
		A97E884C16591C0100777A82 /* BlockAlertView.h */ = {isa = PBXFileReference; fileEncoding = 4; lastKnownFileType = sourcecode.c.h; path = BlockAlertView.h; sourceTree = "<group>"; };
		A97E884D16591C0100777A82 /* BlockAlertView.m */ = {isa = PBXFileReference; fileEncoding = 4; lastKnownFileType = sourcecode.c.objc; path = BlockAlertView.m; sourceTree = "<group>"; };
		A97E884E16591C0100777A82 /* BlockBackground.h */ = {isa = PBXFileReference; fileEncoding = 4; lastKnownFileType = sourcecode.c.h; path = BlockBackground.h; sourceTree = "<group>"; };
		A97E884F16591C0100777A82 /* BlockBackground.m */ = {isa = PBXFileReference; fileEncoding = 4; lastKnownFileType = sourcecode.c.objc; path = BlockBackground.m; sourceTree = "<group>"; };
		A97E885016591C0100777A82 /* BlockTextPromptAlertView.h */ = {isa = PBXFileReference; fileEncoding = 4; lastKnownFileType = sourcecode.c.h; path = BlockTextPromptAlertView.h; sourceTree = "<group>"; };
		A97E885116591C0100777A82 /* BlockTextPromptAlertView.m */ = {isa = PBXFileReference; fileEncoding = 4; lastKnownFileType = sourcecode.c.objc; path = BlockTextPromptAlertView.m; sourceTree = "<group>"; };
		A97E885616591CAD00777A82 /* BlockUI.h */ = {isa = PBXFileReference; lastKnownFileType = sourcecode.c.h; path = BlockUI.h; sourceTree = "<group>"; };
		A97E88571659212100777A82 /* SGBookCellView.h */ = {isa = PBXFileReference; fileEncoding = 4; lastKnownFileType = sourcecode.c.h; path = SGBookCellView.h; sourceTree = "<group>"; };
		A97E88581659212100777A82 /* SGBookCellView.m */ = {isa = PBXFileReference; fileEncoding = 4; lastKnownFileType = sourcecode.c.objc; path = SGBookCellView.m; sourceTree = "<group>"; };
		A98ABCA4165B88EA00919F8F /* NSString+Util.h */ = {isa = PBXFileReference; fileEncoding = 4; lastKnownFileType = sourcecode.c.h; name = "NSString+Util.h"; path = "SethGodin/NSString+Util.h"; sourceTree = "<group>"; };
		A98ABCA5165B88EA00919F8F /* NSString+Util.m */ = {isa = PBXFileReference; fileEncoding = 4; lastKnownFileType = sourcecode.c.objc; name = "NSString+Util.m"; path = "SethGodin/NSString+Util.m"; sourceTree = "<group>"; };
		A9A84D76165D7C2B0071BEDD /* smallspinner@2x.png */ = {isa = PBXFileReference; lastKnownFileType = image.png; path = "smallspinner@2x.png"; sourceTree = "<group>"; };
		A9D684E3164CFE8D007A9ADA /* SethGodin.app */ = {isa = PBXFileReference; explicitFileType = wrapper.application; includeInIndex = 0; name = SethGodin.app; path = "Seth Godin.app"; sourceTree = BUILT_PRODUCTS_DIR; };
		A9D684E7164CFE8D007A9ADA /* UIKit.framework */ = {isa = PBXFileReference; lastKnownFileType = wrapper.framework; name = UIKit.framework; path = System/Library/Frameworks/UIKit.framework; sourceTree = SDKROOT; };
		A9D684E9164CFE8D007A9ADA /* Foundation.framework */ = {isa = PBXFileReference; lastKnownFileType = wrapper.framework; name = Foundation.framework; path = System/Library/Frameworks/Foundation.framework; sourceTree = SDKROOT; };
		A9D684EB164CFE8D007A9ADA /* CoreGraphics.framework */ = {isa = PBXFileReference; lastKnownFileType = wrapper.framework; name = CoreGraphics.framework; path = System/Library/Frameworks/CoreGraphics.framework; sourceTree = SDKROOT; };
		A9D684EF164CFE8D007A9ADA /* SethGodin-Info.plist */ = {isa = PBXFileReference; lastKnownFileType = text.plist.xml; path = "SethGodin-Info.plist"; sourceTree = "<group>"; };
		A9D684F1164CFE8D007A9ADA /* en */ = {isa = PBXFileReference; lastKnownFileType = text.plist.strings; name = en; path = en.lproj/InfoPlist.strings; sourceTree = "<group>"; };
		A9D684F3164CFE8D007A9ADA /* main.m */ = {isa = PBXFileReference; lastKnownFileType = sourcecode.c.objc; path = main.m; sourceTree = "<group>"; };
		A9D684F5164CFE8D007A9ADA /* SethGodin-Prefix.pch */ = {isa = PBXFileReference; lastKnownFileType = sourcecode.c.h; path = "SethGodin-Prefix.pch"; sourceTree = "<group>"; };
		A9D684F6164CFE8D007A9ADA /* SGAppDelegate.h */ = {isa = PBXFileReference; lastKnownFileType = sourcecode.c.h; path = SGAppDelegate.h; sourceTree = "<group>"; };
		A9D684F7164CFE8D007A9ADA /* SGAppDelegate.m */ = {isa = PBXFileReference; lastKnownFileType = sourcecode.c.objc; path = SGAppDelegate.m; sourceTree = "<group>"; };
		A9D684F9164CFE8D007A9ADA /* Default.png */ = {isa = PBXFileReference; lastKnownFileType = image.png; path = Default.png; sourceTree = "<group>"; };
		A9D684FB164CFE8D007A9ADA /* Default@2x.png */ = {isa = PBXFileReference; lastKnownFileType = image.png; path = "Default@2x.png"; sourceTree = "<group>"; };
		A9D684FD164CFE8D007A9ADA /* Default-568h@2x.png */ = {isa = PBXFileReference; lastKnownFileType = image.png; path = "Default-568h@2x.png"; sourceTree = "<group>"; };
		A9D68500164CFE8D007A9ADA /* en */ = {isa = PBXFileReference; lastKnownFileType = file.storyboard; name = en; path = en.lproj/MainStoryboard_iPhone.storyboard; sourceTree = "<group>"; };
		A9D68503164CFE8D007A9ADA /* en */ = {isa = PBXFileReference; lastKnownFileType = file.storyboard; name = en; path = en.lproj/MainStoryboard_iPad.storyboard; sourceTree = "<group>"; };
		A9D68505164CFE8D007A9ADA /* SGFeedItemsViewController.h */ = {isa = PBXFileReference; lastKnownFileType = sourcecode.c.h; path = SGFeedItemsViewController.h; sourceTree = "<group>"; };
		A9D68506164CFE8D007A9ADA /* SGFeedItemsViewController.m */ = {isa = PBXFileReference; lastKnownFileType = sourcecode.c.objc; path = SGFeedItemsViewController.m; sourceTree = "<group>"; };
		A9D6850F164D006A007A9ADA /* AFHTTPClient.h */ = {isa = PBXFileReference; fileEncoding = 4; lastKnownFileType = sourcecode.c.h; path = AFHTTPClient.h; sourceTree = "<group>"; };
		A9D68510164D006A007A9ADA /* AFHTTPClient.m */ = {isa = PBXFileReference; fileEncoding = 4; lastKnownFileType = sourcecode.c.objc; path = AFHTTPClient.m; sourceTree = "<group>"; };
		A9D68511164D006A007A9ADA /* AFHTTPRequestOperation.h */ = {isa = PBXFileReference; fileEncoding = 4; lastKnownFileType = sourcecode.c.h; path = AFHTTPRequestOperation.h; sourceTree = "<group>"; };
		A9D68512164D006A007A9ADA /* AFHTTPRequestOperation.m */ = {isa = PBXFileReference; fileEncoding = 4; lastKnownFileType = sourcecode.c.objc; path = AFHTTPRequestOperation.m; sourceTree = "<group>"; };
		A9D68513164D006A007A9ADA /* AFImageRequestOperation.h */ = {isa = PBXFileReference; fileEncoding = 4; lastKnownFileType = sourcecode.c.h; path = AFImageRequestOperation.h; sourceTree = "<group>"; };
		A9D68514164D006A007A9ADA /* AFImageRequestOperation.m */ = {isa = PBXFileReference; fileEncoding = 4; lastKnownFileType = sourcecode.c.objc; path = AFImageRequestOperation.m; sourceTree = "<group>"; };
		A9D68515164D006A007A9ADA /* AFJSONRequestOperation.h */ = {isa = PBXFileReference; fileEncoding = 4; lastKnownFileType = sourcecode.c.h; path = AFJSONRequestOperation.h; sourceTree = "<group>"; };
		A9D68516164D006A007A9ADA /* AFJSONRequestOperation.m */ = {isa = PBXFileReference; fileEncoding = 4; lastKnownFileType = sourcecode.c.objc; path = AFJSONRequestOperation.m; sourceTree = "<group>"; };
		A9D68517164D006A007A9ADA /* AFNetworkActivityIndicatorManager.h */ = {isa = PBXFileReference; fileEncoding = 4; lastKnownFileType = sourcecode.c.h; path = AFNetworkActivityIndicatorManager.h; sourceTree = "<group>"; };
		A9D68518164D006A007A9ADA /* AFNetworkActivityIndicatorManager.m */ = {isa = PBXFileReference; fileEncoding = 4; lastKnownFileType = sourcecode.c.objc; path = AFNetworkActivityIndicatorManager.m; sourceTree = "<group>"; };
		A9D68519164D006A007A9ADA /* AFNetworking.h */ = {isa = PBXFileReference; fileEncoding = 4; lastKnownFileType = sourcecode.c.h; path = AFNetworking.h; sourceTree = "<group>"; };
		A9D6851A164D006A007A9ADA /* AFPropertyListRequestOperation.h */ = {isa = PBXFileReference; fileEncoding = 4; lastKnownFileType = sourcecode.c.h; path = AFPropertyListRequestOperation.h; sourceTree = "<group>"; };
		A9D6851B164D006A007A9ADA /* AFPropertyListRequestOperation.m */ = {isa = PBXFileReference; fileEncoding = 4; lastKnownFileType = sourcecode.c.objc; path = AFPropertyListRequestOperation.m; sourceTree = "<group>"; };
		A9D6851C164D006A007A9ADA /* AFURLConnectionOperation.h */ = {isa = PBXFileReference; fileEncoding = 4; lastKnownFileType = sourcecode.c.h; path = AFURLConnectionOperation.h; sourceTree = "<group>"; };
		A9D6851D164D006A007A9ADA /* AFURLConnectionOperation.m */ = {isa = PBXFileReference; fileEncoding = 4; lastKnownFileType = sourcecode.c.objc; path = AFURLConnectionOperation.m; sourceTree = "<group>"; };
		A9D6851E164D006A007A9ADA /* AFXMLRequestOperation.h */ = {isa = PBXFileReference; fileEncoding = 4; lastKnownFileType = sourcecode.c.h; path = AFXMLRequestOperation.h; sourceTree = "<group>"; };
		A9D6851F164D006A007A9ADA /* AFXMLRequestOperation.m */ = {isa = PBXFileReference; fileEncoding = 4; lastKnownFileType = sourcecode.c.objc; path = AFXMLRequestOperation.m; sourceTree = "<group>"; };
		A9D68520164D006A007A9ADA /* UIImageView+AFNetworking.h */ = {isa = PBXFileReference; fileEncoding = 4; lastKnownFileType = sourcecode.c.h; path = "UIImageView+AFNetworking.h"; sourceTree = "<group>"; };
		A9D68521164D006A007A9ADA /* UIImageView+AFNetworking.m */ = {isa = PBXFileReference; fileEncoding = 4; lastKnownFileType = sourcecode.c.objc; path = "UIImageView+AFNetworking.m"; sourceTree = "<group>"; };
		A9D6852D164D041B007A9ADA /* DDXMLElementAdditions.h */ = {isa = PBXFileReference; fileEncoding = 4; lastKnownFileType = sourcecode.c.h; path = DDXMLElementAdditions.h; sourceTree = "<group>"; };
		A9D6852E164D041B007A9ADA /* DDXMLElementAdditions.m */ = {isa = PBXFileReference; fileEncoding = 4; lastKnownFileType = sourcecode.c.objc; path = DDXMLElementAdditions.m; sourceTree = "<group>"; };
		A9D68530164D041B007A9ADA /* NSString+DDXML.h */ = {isa = PBXFileReference; fileEncoding = 4; lastKnownFileType = sourcecode.c.h; path = "NSString+DDXML.h"; sourceTree = "<group>"; };
		A9D68531164D041B007A9ADA /* NSString+DDXML.m */ = {isa = PBXFileReference; fileEncoding = 4; lastKnownFileType = sourcecode.c.objc; path = "NSString+DDXML.m"; sourceTree = "<group>"; };
		A9D68532164D041B007A9ADA /* DDXML.h */ = {isa = PBXFileReference; fileEncoding = 4; lastKnownFileType = sourcecode.c.h; path = DDXML.h; sourceTree = "<group>"; };
		A9D68533164D041B007A9ADA /* DDXMLDocument.h */ = {isa = PBXFileReference; fileEncoding = 4; lastKnownFileType = sourcecode.c.h; path = DDXMLDocument.h; sourceTree = "<group>"; };
		A9D68534164D041B007A9ADA /* DDXMLDocument.m */ = {isa = PBXFileReference; fileEncoding = 4; lastKnownFileType = sourcecode.c.objc; path = DDXMLDocument.m; sourceTree = "<group>"; };
		A9D68535164D041B007A9ADA /* DDXMLElement.h */ = {isa = PBXFileReference; fileEncoding = 4; lastKnownFileType = sourcecode.c.h; path = DDXMLElement.h; sourceTree = "<group>"; };
		A9D68536164D041B007A9ADA /* DDXMLElement.m */ = {isa = PBXFileReference; fileEncoding = 4; lastKnownFileType = sourcecode.c.objc; path = DDXMLElement.m; sourceTree = "<group>"; };
		A9D68537164D041B007A9ADA /* DDXMLNode.h */ = {isa = PBXFileReference; fileEncoding = 4; lastKnownFileType = sourcecode.c.h; path = DDXMLNode.h; sourceTree = "<group>"; };
		A9D68538164D041B007A9ADA /* DDXMLNode.m */ = {isa = PBXFileReference; fileEncoding = 4; lastKnownFileType = sourcecode.c.objc; path = DDXMLNode.m; sourceTree = "<group>"; };
		A9D6853A164D041B007A9ADA /* DDXMLPrivate.h */ = {isa = PBXFileReference; fileEncoding = 4; lastKnownFileType = sourcecode.c.h; path = DDXMLPrivate.h; sourceTree = "<group>"; };
		A9D6854C164D0578007A9ADA /* libxml2.dylib */ = {isa = PBXFileReference; lastKnownFileType = "compiled.mach-o.dylib"; name = libxml2.dylib; path = usr/lib/libxml2.dylib; sourceTree = SDKROOT; };
		A9D68550164D0DC6007A9ADA /* UIImage+BBlock.h */ = {isa = PBXFileReference; lastKnownFileType = sourcecode.c.h; path = "UIImage+BBlock.h"; sourceTree = "<group>"; };
		A9D68551164D0DC6007A9ADA /* UIImage+BBlock.m */ = {isa = PBXFileReference; lastKnownFileType = sourcecode.c.objc; path = "UIImage+BBlock.m"; sourceTree = "<group>"; };
		A9D68552164D0DE3007A9ADA /* UIImage+RSSSelection.h */ = {isa = PBXFileReference; fileEncoding = 4; lastKnownFileType = sourcecode.c.h; path = "UIImage+RSSSelection.h"; sourceTree = "<group>"; };
		A9D68553164D0DE3007A9ADA /* UIImage+RSSSelection.m */ = {isa = PBXFileReference; fileEncoding = 4; lastKnownFileType = sourcecode.c.objc; path = "UIImage+RSSSelection.m"; sourceTree = "<group>"; };
		A9D8385516596E9300A79669 /* StoreKit.framework */ = {isa = PBXFileReference; lastKnownFileType = wrapper.framework; name = StoreKit.framework; path = System/Library/Frameworks/StoreKit.framework; sourceTree = SDKROOT; };
		A9D838581659853E00A79669 /* SGLoadingAnimation.h */ = {isa = PBXFileReference; fileEncoding = 4; lastKnownFileType = sourcecode.c.h; path = SGLoadingAnimation.h; sourceTree = "<group>"; };
		A9D838591659853F00A79669 /* SGLoadingAnimation.m */ = {isa = PBXFileReference; fileEncoding = 4; lastKnownFileType = sourcecode.c.objc; path = SGLoadingAnimation.m; sourceTree = "<group>"; };
/* End PBXFileReference section */

/* Begin PBXFrameworksBuildPhase section */
		A9D684E0164CFE8D007A9ADA /* Frameworks */ = {
			isa = PBXFrameworksBuildPhase;
			buildActionMask = 2147483647;
			files = (
				A9D8385616596E9300A79669 /* StoreKit.framework in Frameworks */,
				A9100A4F165044DD00779F84 /* SystemConfiguration.framework in Frameworks */,
				A9100A4D165037B100779F84 /* QuartzCore.framework in Frameworks */,
				A9100A4B165037A600779F84 /* ImageIO.framework in Frameworks */,
				A93BA40C165F8B6F003AD9AA /* libFlurry.a in Frameworks */,
				A91009D9165030D600779F84 /* CoreText.framework in Frameworks */,
				A9D6854D164D0578007A9ADA /* libxml2.dylib in Frameworks */,
				A9D684E8164CFE8D007A9ADA /* UIKit.framework in Frameworks */,
				A9D684EA164CFE8D007A9ADA /* Foundation.framework in Frameworks */,
				A9D684EC164CFE8D007A9ADA /* CoreGraphics.framework in Frameworks */,
			);
			runOnlyForDeploymentPostprocessing = 0;
		};
/* End PBXFrameworksBuildPhase section */

/* Begin PBXGroup section */
		A91009C6164EED9C00779F84 /* Model */ = {
			isa = PBXGroup;
			children = (
				A97E880C1656461D00777A82 /* ContentGetters */,
				A9100A741656394600779F84 /* SGFeedSelection.h */,
				A9100A751656394600779F84 /* SGFeedSelection.m */,
				A91009C7164EEDC200779F84 /* SGBlogEntry.h */,
				A91009C8164EEDC200779F84 /* SGBlogEntry.m */,
				A9100A59165247C200779F84 /* SGFavorites.h */,
				A9100A5A165247C200779F84 /* SGFavorites.m */,
				A97E880916563CD800777A82 /* SGNotifications.h */,
				A97E880A16563CD800777A82 /* SGNotifications.m */,
				A97E883C1658F83D00777A82 /* SGPurchaseItem.h */,
				A97E883D1658F83D00777A82 /* SGPurchaseItem.m */,
				A97E883F1659056C00777A82 /* SGPurchaseItemGetter.h */,
				A97E88401659056C00777A82 /* SGPurchaseItemGetter.m */,
				A93BA3FB165F800F003AD9AA /* SGInAppPurchase.h */,
				A93BA3FC165F800F003AD9AA /* SGInAppPurchase.m */,
				A93BA40D165F8D65003AD9AA /* SGLogger.h */,
				A93BA40E165F8D65003AD9AA /* SGLogger.m */,
			);
			name = Model;
			sourceTree = "<group>";
		};
		A91009D11650083200779F84 /* PostView */ = {
			isa = PBXGroup;
			children = (
				A91009D21650084F00779F84 /* SGPostViewController.h */,
				A91009D31650084F00779F84 /* SGPostViewController.m */,
			);
			name = PostView;
			sourceTree = "<group>";
		};
		A9100A511650F9D800779F84 /* Menu */ = {
			isa = PBXGroup;
			children = (
				A95EA402165CDD8D00A58FB4 /* UpgradeView */,
				A9100A6D1654EE5100779F84 /* ArchiveSelection */,
				A9100A521650F9EF00779F84 /* SGMenuViewController.h */,
				A9100A531650F9EF00779F84 /* SGMenuViewController.m */,
				A9100A5616510AD500779F84 /* UIImage+Menu.h */,
				A9100A5716510AD500779F84 /* UIImage+Menu.m */,
			);
			name = Menu;
			sourceTree = "<group>";
		};
		A9100A6016531E5800779F84 /* Resources */ = {
			isa = PBXGroup;
			children = (
				A95EA3F8165C8D9900A58FB4 /* books-568h@2x.png */,
				A95EA3FB165C8DC800A58FB4 /* books.png */,
				A95EA3FC165C8DC800A58FB4 /* books@2x.png */,
				A9100A671653200700779F84 /* load_bg.png */,
				A9100A6116531E6300779F84 /* load_bg@2x.png */,
				A9100A6316531FEE00779F84 /* load_spinner.png */,
				A9100A6416531FEE00779F84 /* load_spinner@2x.png */,
				A9100A691653A1B400779F84 /* load_text.png */,
				A9100A6A1653A1B400779F84 /* load_text@2x.png */,
				A974FC1216676F3000B29748 /* smallspinner.png */,
				A9A84D76165D7C2B0071BEDD /* smallspinner@2x.png */,
			);
			name = Resources;
			sourceTree = "<group>";
		};
		A9100A6D1654EE5100779F84 /* ArchiveSelection */ = {
			isa = PBXGroup;
			children = (
				A9100A6E1654EF1D00779F84 /* SGArchiveSelectionViewController.h */,
				A9100A6F1654EF1D00779F84 /* SGArchiveSelectionViewController.m */,
			);
			name = ArchiveSelection;
			sourceTree = "<group>";
		};
		A93BA409165F89DD003AD9AA /* Flurry */ = {
			isa = PBXGroup;
			children = (
				A93BA40A165F89ED003AD9AA /* Flurry.h */,
				A93BA40B165F89ED003AD9AA /* libFlurry.a */,
			);
			name = Flurry;
			sourceTree = "<group>";
		};
		A95EA402165CDD8D00A58FB4 /* UpgradeView */ = {
			isa = PBXGroup;
			children = (
				A95EA403165CDDC700A58FB4 /* SGUpdradeViewController.h */,
				A95EA404165CDDC700A58FB4 /* SGUpdradeViewController.m */,
				A95EA406165CE19500A58FB4 /* UIImage+Upgrade.h */,
				A95EA407165CE19500A58FB4 /* UIImage+Upgrade.m */,
				A95EA409165CE75400A58FB4 /* SGUpgradedViewController.h */,
				A95EA40A165CE75400A58FB4 /* SGUpgradedViewController.m */,
			);
			name = UpgradeView;
			sourceTree = "<group>";
		};
		A974FBFC16676DEB00B29748 /* Icons */ = {
			isa = PBXGroup;
			children = (
			);
			name = Icons;
			sourceTree = "<group>";
		};
		A97E880C1656461D00777A82 /* ContentGetters */ = {
			isa = PBXGroup;
			children = (
				A97E880D1656465D00777A82 /* SGBlogItemsGetter.h */,
				A97E880E1656465D00777A82 /* SGBlogItemsGetter.m */,
				A91009CA164EF31B00779F84 /* SGCurrentBlogItemsGetter.h */,
				A91009CB164EF31B00779F84 /* SGCurrentBlogItemsGetter.m */,
				A97E8810165646BC00777A82 /* SGArchiveBlogItemsGetter.h */,
				A97E8811165646BC00777A82 /* SGArchiveBlogItemsGetter.m */,
				A97E88131657AA2F00777A82 /* SGFavoritesBlogItemsGetter.h */,
				A97E88141657AA2F00777A82 /* SGFavoritesBlogItemsGetter.m */,
				A97E882B16581F0B00777A82 /* SGSearchBlogItemsGetter.h */,
				A97E882C16581F0B00777A82 /* SGSearchBlogItemsGetter.m */,
			);
			name = ContentGetters;
			sourceTree = "<group>";
		};
		A97E881E1657C71100777A82 /* WebView */ = {
			isa = PBXGroup;
			children = (
				A97E88221657CD7100777A82 /* EPZToolBar.h */,
				A97E88231657CD7100777A82 /* EPZToolBar.m */,
				A97E881F1657C73400777A82 /* SGWebViewController.h */,
				A97E88201657C73400777A82 /* SGWebViewController.m */,
			);
			name = WebView;
			path = ..;
			sourceTree = "<group>";
		};
		A97E882E165843FA00777A82 /* BookPurchase */ = {
			isa = PBXGroup;
			children = (
				A97E882F1658441E00777A82 /* SGBookPurchaseViewController.h */,
				A97E88301658441E00777A82 /* SGBookPurchaseViewController.m */,
				A97E883A1658464F00777A82 /* BookCellView.xib */,
				A97E88571659212100777A82 /* SGBookCellView.h */,
				A97E88581659212100777A82 /* SGBookCellView.m */,
			);
			name = BookPurchase;
			sourceTree = "<group>";
		};
		A97E884916591C0100777A82 /* BlockAlerts */ = {
			isa = PBXGroup;
			children = (
				A97E885616591CAD00777A82 /* BlockUI.h */,
				A97E884A16591C0100777A82 /* BlockActionSheet.h */,
				A97E884B16591C0100777A82 /* BlockActionSheet.m */,
				A97E884C16591C0100777A82 /* BlockAlertView.h */,
				A97E884D16591C0100777A82 /* BlockAlertView.m */,
				A97E884E16591C0100777A82 /* BlockBackground.h */,
				A97E884F16591C0100777A82 /* BlockBackground.m */,
				A97E885016591C0100777A82 /* BlockTextPromptAlertView.h */,
				A97E885116591C0100777A82 /* BlockTextPromptAlertView.m */,
			);
			name = BlockAlerts;
			path = ToAddToYourProjects;
			sourceTree = "<group>";
		};
		A9D684D8164CFE8D007A9ADA = {
			isa = PBXGroup;
			children = (
				A974FC1016676EDD00B29748 /* Icon.png */,
				A974FC0E16676ED200B29748 /* Icon@2x.png */,
				A974FBFC16676DEB00B29748 /* Icons */,
				A9D684ED164CFE8D007A9ADA /* SethGodin */,
				A9D6854F164D0DBD007A9ADA /* General */,
				A9100A6016531E5800779F84 /* Resources */,
				A9D6850D164D005D007A9ADA /* 3RD Party */,
				A9D684E6164CFE8D007A9ADA /* Frameworks */,
				A9D684E4164CFE8D007A9ADA /* Products */,
			);
			sourceTree = "<group>";
		};
		A9D684E4164CFE8D007A9ADA /* Products */ = {
			isa = PBXGroup;
			children = (
				A9D684E3164CFE8D007A9ADA /* SethGodin.app */,
			);
			name = Products;
			sourceTree = "<group>";
		};
		A9D684E6164CFE8D007A9ADA /* Frameworks */ = {
			isa = PBXGroup;
			children = (
				A9D8385516596E9300A79669 /* StoreKit.framework */,
				A9100A4E165044DD00779F84 /* SystemConfiguration.framework */,
				A9100A4A165037A600779F84 /* ImageIO.framework */,
				A9100A4C165037B100779F84 /* QuartzCore.framework */,
				A91009D8165030D600779F84 /* CoreText.framework */,
				A9D6854C164D0578007A9ADA /* libxml2.dylib */,
				A9D684E7164CFE8D007A9ADA /* UIKit.framework */,
				A9D684E9164CFE8D007A9ADA /* Foundation.framework */,
				A9D684EB164CFE8D007A9ADA /* CoreGraphics.framework */,
			);
			name = Frameworks;
			sourceTree = "<group>";
		};
		A9D684ED164CFE8D007A9ADA /* SethGodin */ = {
			isa = PBXGroup;
			children = (
				A905B15D166627FB0092F3D0 /* SethGodin.entitlements */,
				A9D68502164CFE8D007A9ADA /* MainStoryboard_iPad.storyboard */,
				A9D684FF164CFE8D007A9ADA /* MainStoryboard_iPhone.storyboard */,
				A9D6854E164D0D47007A9ADA /* FeedItems */,
				A91009D11650083200779F84 /* PostView */,
				A9100A511650F9D800779F84 /* Menu */,
				A97E882E165843FA00777A82 /* BookPurchase */,
				A97E881E1657C71100777A82 /* WebView */,
				A91009C6164EED9C00779F84 /* Model */,
				A9D684F6164CFE8D007A9ADA /* SGAppDelegate.h */,
				A9D684F7164CFE8D007A9ADA /* SGAppDelegate.m */,
				A9D684EE164CFE8D007A9ADA /* Supporting Files */,
				A9D838581659853E00A79669 /* SGLoadingAnimation.h */,
				A9D838591659853F00A79669 /* SGLoadingAnimation.m */,
			);
			path = SethGodin;
			sourceTree = "<group>";
		};
		A9D684EE164CFE8D007A9ADA /* Supporting Files */ = {
			isa = PBXGroup;
			children = (
				A9D684EF164CFE8D007A9ADA /* SethGodin-Info.plist */,
				A9D684F0164CFE8D007A9ADA /* InfoPlist.strings */,
				A9D684F3164CFE8D007A9ADA /* main.m */,
				A9D684F5164CFE8D007A9ADA /* SethGodin-Prefix.pch */,
				A9D684F9164CFE8D007A9ADA /* Default.png */,
				A9D684FB164CFE8D007A9ADA /* Default@2x.png */,
				A9D684FD164CFE8D007A9ADA /* Default-568h@2x.png */,
			);
			name = "Supporting Files";
			sourceTree = "<group>";
		};
		A9D6850D164D005D007A9ADA /* 3RD Party */ = {
			isa = PBXGroup;
			children = (
				A93BA409165F89DD003AD9AA /* Flurry */,
				A97E884916591C0100777A82 /* BlockAlerts */,
				A9D6852B164D041B007A9ADA /* KissXML */,
				A9D6850E164D006A007A9ADA /* AFNetworking */,
			);
			name = "3RD Party";
			sourceTree = "<group>";
		};
		A9D6850E164D006A007A9ADA /* AFNetworking */ = {
			isa = PBXGroup;
			children = (
				A9D6850F164D006A007A9ADA /* AFHTTPClient.h */,
				A9D68510164D006A007A9ADA /* AFHTTPClient.m */,
				A9D68511164D006A007A9ADA /* AFHTTPRequestOperation.h */,
				A9D68512164D006A007A9ADA /* AFHTTPRequestOperation.m */,
				A9D68513164D006A007A9ADA /* AFImageRequestOperation.h */,
				A9D68514164D006A007A9ADA /* AFImageRequestOperation.m */,
				A9D68515164D006A007A9ADA /* AFJSONRequestOperation.h */,
				A9D68516164D006A007A9ADA /* AFJSONRequestOperation.m */,
				A9D68517164D006A007A9ADA /* AFNetworkActivityIndicatorManager.h */,
				A9D68518164D006A007A9ADA /* AFNetworkActivityIndicatorManager.m */,
				A9D68519164D006A007A9ADA /* AFNetworking.h */,
				A9D6851A164D006A007A9ADA /* AFPropertyListRequestOperation.h */,
				A9D6851B164D006A007A9ADA /* AFPropertyListRequestOperation.m */,
				A9D6851C164D006A007A9ADA /* AFURLConnectionOperation.h */,
				A9D6851D164D006A007A9ADA /* AFURLConnectionOperation.m */,
				A9D6851E164D006A007A9ADA /* AFXMLRequestOperation.h */,
				A9D6851F164D006A007A9ADA /* AFXMLRequestOperation.m */,
				A9D68520164D006A007A9ADA /* UIImageView+AFNetworking.h */,
				A9D68521164D006A007A9ADA /* UIImageView+AFNetworking.m */,
			);
			path = AFNetworking;
			sourceTree = "<group>";
		};
		A9D6852B164D041B007A9ADA /* KissXML */ = {
			isa = PBXGroup;
			children = (
				A9D6852C164D041B007A9ADA /* Additions */,
				A9D6852F164D041B007A9ADA /* Categories */,
				A9D68532164D041B007A9ADA /* DDXML.h */,
				A9D68533164D041B007A9ADA /* DDXMLDocument.h */,
				A9D68534164D041B007A9ADA /* DDXMLDocument.m */,
				A9D68535164D041B007A9ADA /* DDXMLElement.h */,
				A9D68536164D041B007A9ADA /* DDXMLElement.m */,
				A9D68537164D041B007A9ADA /* DDXMLNode.h */,
				A9D68538164D041B007A9ADA /* DDXMLNode.m */,
				A9D68539164D041B007A9ADA /* Private */,
			);
			path = KissXML;
			sourceTree = "<group>";
		};
		A9D6852C164D041B007A9ADA /* Additions */ = {
			isa = PBXGroup;
			children = (
				A9D6852D164D041B007A9ADA /* DDXMLElementAdditions.h */,
				A9D6852E164D041B007A9ADA /* DDXMLElementAdditions.m */,
			);
			path = Additions;
			sourceTree = "<group>";
		};
		A9D6852F164D041B007A9ADA /* Categories */ = {
			isa = PBXGroup;
			children = (
				A9D68530164D041B007A9ADA /* NSString+DDXML.h */,
				A9D68531164D041B007A9ADA /* NSString+DDXML.m */,
			);
			path = Categories;
			sourceTree = "<group>";
		};
		A9D68539164D041B007A9ADA /* Private */ = {
			isa = PBXGroup;
			children = (
				A9D6853A164D041B007A9ADA /* DDXMLPrivate.h */,
			);
			path = Private;
			sourceTree = "<group>";
		};
		A9D6854E164D0D47007A9ADA /* FeedItems */ = {
			isa = PBXGroup;
			children = (
				A9D68505164CFE8D007A9ADA /* SGFeedItemsViewController.h */,
				A9D68506164CFE8D007A9ADA /* SGFeedItemsViewController.m */,
				A9D68552164D0DE3007A9ADA /* UIImage+RSSSelection.h */,
				A9D68553164D0DE3007A9ADA /* UIImage+RSSSelection.m */,
			);
			name = FeedItems;
			sourceTree = "<group>";
		};
		A9D6854F164D0DBD007A9ADA /* General */ = {
			isa = PBXGroup;
			children = (
				A97E884216590C7200777A82 /* NSDictionary-Expanded.h */,
				A97E884316590C7200777A82 /* NSDictionary-Expanded.m */,
				A9D68550164D0DC6007A9ADA /* UIImage+BBlock.h */,
				A9D68551164D0DC6007A9ADA /* UIImage+BBlock.m */,
				A91009D51650231500779F84 /* UIImage+General.h */,
				A91009D61650231500779F84 /* UIImage+General.m */,
				A9100A551650FC5700779F84 /* BlockTypes.h */,
				A9100A711654FF5E00779F84 /* NSDate+General.h */,
				A9100A721654FF5E00779F84 /* NSDate+General.m */,
				A97E88251657D63200777A82 /* NSArray+Util.h */,
				A97E88261657D63200777A82 /* NSArray+Util.m */,
				A97E88281657EF6100777A82 /* UIColor+General.h */,
				A97E88291657EF6100777A82 /* UIColor+General.m */,
				A98ABCA4165B88EA00919F8F /* NSString+Util.h */,
				A98ABCA5165B88EA00919F8F /* NSString+Util.m */,
				A95EA3FF165CDBC100A58FB4 /* SGUSerDefaults.h */,
				A95EA400165CDBC100A58FB4 /* SGUSerDefaults.m */,
				A925BE88165E3A5500C3B79D /* NSFileManager+Util.h */,
				A925BE89165E3A5500C3B79D /* NSFileManager+Util.m */,
				A974FBF51667532C00B29748 /* SGAlertView.h */,
				A974FBF61667532C00B29748 /* SGAlertView.m */,
			);
			name = General;
			sourceTree = "<group>";
		};
/* End PBXGroup section */

/* Begin PBXNativeTarget section */
		A9D684E2164CFE8D007A9ADA /* Seth Godin */ = {
			isa = PBXNativeTarget;
			buildConfigurationList = A9D6850A164CFE8D007A9ADA /* Build configuration list for PBXNativeTarget "Seth Godin" */;
			buildPhases = (
				A9D684DF164CFE8D007A9ADA /* Sources */,
				A9D684E0164CFE8D007A9ADA /* Frameworks */,
				A9D684E1164CFE8D007A9ADA /* Resources */,
			);
			buildRules = (
			);
			dependencies = (
			);
			name = "Seth Godin";
			productName = SethGodin;
			productReference = A9D684E3164CFE8D007A9ADA /* SethGodin.app */;
			productType = "com.apple.product-type.application";
		};
/* End PBXNativeTarget section */

/* Begin PBXProject section */
		A9D684DA164CFE8D007A9ADA /* Project object */ = {
			isa = PBXProject;
			attributes = {
				CLASSPREFIX = SG;
				LastUpgradeCheck = 0450;
				ORGANIZATIONNAME = AndersonSpear;
			};
			buildConfigurationList = A9D684DD164CFE8D007A9ADA /* Build configuration list for PBXProject "SethGodin" */;
			compatibilityVersion = "Xcode 3.2";
			developmentRegion = English;
			hasScannedForEncodings = 0;
			knownRegions = (
				en,
			);
			mainGroup = A9D684D8164CFE8D007A9ADA;
			productRefGroup = A9D684E4164CFE8D007A9ADA /* Products */;
			projectDirPath = "";
			projectRoot = "";
			targets = (
				A9D684E2164CFE8D007A9ADA /* Seth Godin */,
			);
		};
/* End PBXProject section */

/* Begin PBXResourcesBuildPhase section */
		A9D684E1164CFE8D007A9ADA /* Resources */ = {
			isa = PBXResourcesBuildPhase;
			buildActionMask = 2147483647;
			files = (
				A9D684F2164CFE8D007A9ADA /* InfoPlist.strings in Resources */,
				A9D684FA164CFE8D007A9ADA /* Default.png in Resources */,
				A9D684FC164CFE8D007A9ADA /* Default@2x.png in Resources */,
				A9D684FE164CFE8D007A9ADA /* Default-568h@2x.png in Resources */,
				A9D68501164CFE8D007A9ADA /* MainStoryboard_iPhone.storyboard in Resources */,
				A9D68504164CFE8D007A9ADA /* MainStoryboard_iPad.storyboard in Resources */,
				A9100A6216531E6300779F84 /* load_bg@2x.png in Resources */,
				A9100A6516531FEE00779F84 /* load_spinner.png in Resources */,
				A9100A6616531FEE00779F84 /* load_spinner@2x.png in Resources */,
				A9100A681653200700779F84 /* load_bg.png in Resources */,
				A9100A6B1653A1B400779F84 /* load_text.png in Resources */,
				A9100A6C1653A1B400779F84 /* load_text@2x.png in Resources */,
				A97E883B1658464F00777A82 /* BookCellView.xib in Resources */,
				A95EA3F9165C8D9900A58FB4 /* books-568h@2x.png in Resources */,
				A95EA3FD165C8DC800A58FB4 /* books.png in Resources */,
				A95EA3FE165C8DC800A58FB4 /* books@2x.png in Resources */,
				A9A84D77165D7C2B0071BEDD /* smallspinner@2x.png in Resources */,
				A974FC0F16676ED200B29748 /* Icon@2x.png in Resources */,
				A974FC1116676EDD00B29748 /* Icon.png in Resources */,
				A974FC1316676F3000B29748 /* smallspinner.png in Resources */,
			);
			runOnlyForDeploymentPostprocessing = 0;
		};
/* End PBXResourcesBuildPhase section */

/* Begin PBXSourcesBuildPhase section */
		A9D684DF164CFE8D007A9ADA /* Sources */ = {
			isa = PBXSourcesBuildPhase;
			buildActionMask = 2147483647;
			files = (
				A9D684F4164CFE8D007A9ADA /* main.m in Sources */,
				A9D684F8164CFE8D007A9ADA /* SGAppDelegate.m in Sources */,
				A9D68507164CFE8D007A9ADA /* SGFeedItemsViewController.m in Sources */,
				A9D68522164D006A007A9ADA /* AFHTTPClient.m in Sources */,
				A9D68523164D006A007A9ADA /* AFHTTPRequestOperation.m in Sources */,
				A97E88241657CD9300777A82 /* EPZToolBar.m in Sources */,
				A97E884416590C7C00777A82 /* NSDictionary-Expanded.m in Sources */,
				A9D68524164D006A007A9ADA /* AFImageRequestOperation.m in Sources */,
				A9D68525164D006A007A9ADA /* AFJSONRequestOperation.m in Sources */,
				A9D68526164D006A007A9ADA /* AFNetworkActivityIndicatorManager.m in Sources */,
				A9D68555164D100C007A9ADA /* UIImage+BBlock.m in Sources */,
				A9D68527164D006A007A9ADA /* AFPropertyListRequestOperation.m in Sources */,
				A9D68528164D006A007A9ADA /* AFURLConnectionOperation.m in Sources */,
				A9D68529164D006A007A9ADA /* AFXMLRequestOperation.m in Sources */,
				A9D6852A164D006A007A9ADA /* UIImageView+AFNetworking.m in Sources */,
				A9D6853B164D041B007A9ADA /* DDXMLElementAdditions.m in Sources */,
				A9D6853C164D041B007A9ADA /* NSString+DDXML.m in Sources */,
				A9D6853D164D041B007A9ADA /* DDXMLDocument.m in Sources */,
				A9D6853E164D041B007A9ADA /* DDXMLElement.m in Sources */,
				A9D6853F164D041B007A9ADA /* DDXMLNode.m in Sources */,
				A9D68554164D0DE3007A9ADA /* UIImage+RSSSelection.m in Sources */,
				A91009C9164EEDC200779F84 /* SGBlogEntry.m in Sources */,
				A91009CC164EF31B00779F84 /* SGCurrentBlogItemsGetter.m in Sources */,
				A91009D41650084F00779F84 /* SGPostViewController.m in Sources */,
				A91009D71650231500779F84 /* UIImage+General.m in Sources */,
				A9100A541650F9EF00779F84 /* SGMenuViewController.m in Sources */,
				A9100A5816510AD500779F84 /* UIImage+Menu.m in Sources */,
				A9100A5B165247C200779F84 /* SGFavorites.m in Sources */,
				A9100A701654EF1D00779F84 /* SGArchiveSelectionViewController.m in Sources */,
				A9100A731654FF5E00779F84 /* NSDate+General.m in Sources */,
				A9100A761656394600779F84 /* SGFeedSelection.m in Sources */,
				A97E880B16563CD800777A82 /* SGNotifications.m in Sources */,
				A97E880F1656465D00777A82 /* SGBlogItemsGetter.m in Sources */,
				A97E8812165646BC00777A82 /* SGArchiveBlogItemsGetter.m in Sources */,
				A97E88151657AA2F00777A82 /* SGFavoritesBlogItemsGetter.m in Sources */,
				A97E88211657C73400777A82 /* SGWebViewController.m in Sources */,
				A97E88271657D63200777A82 /* NSArray+Util.m in Sources */,
				A97E882A1657EF6100777A82 /* UIColor+General.m in Sources */,
				A97E882D16581F0C00777A82 /* SGSearchBlogItemsGetter.m in Sources */,
				A97E88311658441E00777A82 /* SGBookPurchaseViewController.m in Sources */,
				A97E883E1658F83E00777A82 /* SGPurchaseItem.m in Sources */,
				A97E88411659056D00777A82 /* SGPurchaseItemGetter.m in Sources */,
				A97E885216591C0100777A82 /* BlockActionSheet.m in Sources */,
				A97E885316591C0100777A82 /* BlockAlertView.m in Sources */,
				A97E885416591C0100777A82 /* BlockBackground.m in Sources */,
				A97E885516591C0100777A82 /* BlockTextPromptAlertView.m in Sources */,
				A97E88591659212100777A82 /* SGBookCellView.m in Sources */,
				A9D8385A1659853F00A79669 /* SGLoadingAnimation.m in Sources */,
				A98ABCA6165B88EA00919F8F /* NSString+Util.m in Sources */,
				A95EA401165CDBC100A58FB4 /* SGUSerDefaults.m in Sources */,
				A95EA405165CDDC700A58FB4 /* SGUpdradeViewController.m in Sources */,
				A95EA408165CE19500A58FB4 /* UIImage+Upgrade.m in Sources */,
				A95EA40B165CE75400A58FB4 /* SGUpgradedViewController.m in Sources */,
				A925BE8A165E3A5500C3B79D /* NSFileManager+Util.m in Sources */,
				A93BA3FD165F800F003AD9AA /* SGInAppPurchase.m in Sources */,
				A93BA40F165F8D65003AD9AA /* SGLogger.m in Sources */,
				A974FBF71667532C00B29748 /* SGAlertView.m in Sources */,
			);
			runOnlyForDeploymentPostprocessing = 0;
		};
/* End PBXSourcesBuildPhase section */

/* Begin PBXVariantGroup section */
		A9D684F0164CFE8D007A9ADA /* InfoPlist.strings */ = {
			isa = PBXVariantGroup;
			children = (
				A9D684F1164CFE8D007A9ADA /* en */,
			);
			name = InfoPlist.strings;
			sourceTree = "<group>";
		};
		A9D684FF164CFE8D007A9ADA /* MainStoryboard_iPhone.storyboard */ = {
			isa = PBXVariantGroup;
			children = (
				A9D68500164CFE8D007A9ADA /* en */,
			);
			name = MainStoryboard_iPhone.storyboard;
			sourceTree = "<group>";
		};
		A9D68502164CFE8D007A9ADA /* MainStoryboard_iPad.storyboard */ = {
			isa = PBXVariantGroup;
			children = (
				A9D68503164CFE8D007A9ADA /* en */,
			);
			name = MainStoryboard_iPad.storyboard;
			sourceTree = "<group>";
		};
/* End PBXVariantGroup section */

/* Begin XCBuildConfiguration section */
		A9D68508164CFE8D007A9ADA /* Debug */ = {
			isa = XCBuildConfiguration;
			buildSettings = {
				ALWAYS_SEARCH_USER_PATHS = YES;
				CLANG_CXX_LANGUAGE_STANDARD = "gnu++0x";
				CLANG_CXX_LIBRARY = "libc++";
				CLANG_ENABLE_OBJC_ARC = YES;
				CLANG_WARN_EMPTY_BODY = YES;
				CLANG_WARN__DUPLICATE_METHOD_MATCH = YES;
				CODE_SIGN_IDENTITY = "iPhone Developer: Andy Anderson (WNDAYWVQ25)";
				"CODE_SIGN_IDENTITY[sdk=iphoneos*]" = "iPhone Developer: Andy Anderson (WNDAYWVQ25)";
				COPY_PHASE_STRIP = NO;
				GCC_C_LANGUAGE_STANDARD = gnu99;
				GCC_DYNAMIC_NO_PIC = NO;
				GCC_OPTIMIZATION_LEVEL = 0;
				GCC_PREPROCESSOR_DEFINITIONS = (
					"DEBUG=1",
					"$(inherited)",
				);
				GCC_SYMBOLS_PRIVATE_EXTERN = NO;
				GCC_WARN_ABOUT_RETURN_TYPE = YES;
				GCC_WARN_UNINITIALIZED_AUTOS = YES;
				GCC_WARN_UNUSED_VARIABLE = YES;
				HEADER_SEARCH_PATHS = "$(SDKROOT)/usr/include/libxml2";
				IPHONEOS_DEPLOYMENT_TARGET = 6.0;
				ONLY_ACTIVE_ARCH = YES;
				PROVISIONING_PROFILE = "149CA0D1-B749-482E-BC84-F7585AC132B5";
				"PROVISIONING_PROFILE[sdk=iphoneos*]" = "149CA0D1-B749-482E-BC84-F7585AC132B5";
				SDKROOT = iphoneos;
				TARGETED_DEVICE_FAMILY = "1,2";
				USER_HEADER_SEARCH_PATHS = "";
			};
			name = Debug;
		};
		A9D68509164CFE8D007A9ADA /* Release */ = {
			isa = XCBuildConfiguration;
			buildSettings = {
				ALWAYS_SEARCH_USER_PATHS = YES;
				CLANG_CXX_LANGUAGE_STANDARD = "gnu++0x";
				CLANG_CXX_LIBRARY = "libc++";
				CLANG_ENABLE_OBJC_ARC = YES;
				CLANG_WARN_EMPTY_BODY = YES;
				CLANG_WARN__DUPLICATE_METHOD_MATCH = YES;
				CODE_SIGN_IDENTITY = "iPhone Developer: Andy Anderson (WNDAYWVQ25)";
				"CODE_SIGN_IDENTITY[sdk=iphoneos*]" = "iPhone Developer: Andy Anderson (WNDAYWVQ25)";
				COPY_PHASE_STRIP = YES;
				GCC_C_LANGUAGE_STANDARD = gnu99;
				GCC_WARN_ABOUT_RETURN_TYPE = YES;
				GCC_WARN_UNINITIALIZED_AUTOS = YES;
				GCC_WARN_UNUSED_VARIABLE = YES;
				HEADER_SEARCH_PATHS = "$(SDKROOT)/usr/include/libxml2";
				IPHONEOS_DEPLOYMENT_TARGET = 6.0;
				OTHER_CFLAGS = "-DNS_BLOCK_ASSERTIONS=1";
				PROVISIONING_PROFILE = "149CA0D1-B749-482E-BC84-F7585AC132B5";
				"PROVISIONING_PROFILE[sdk=iphoneos*]" = "149CA0D1-B749-482E-BC84-F7585AC132B5";
				SDKROOT = iphoneos;
				TARGETED_DEVICE_FAMILY = "1,2";
				USER_HEADER_SEARCH_PATHS = "";
				VALIDATE_PRODUCT = YES;
			};
			name = Release;
		};
		A9D6850B164CFE8D007A9ADA /* Debug */ = {
			isa = XCBuildConfiguration;
			buildSettings = {
				GCC_PRECOMPILE_PREFIX_HEADER = YES;
				GCC_PREFIX_HEADER = "SethGodin/SethGodin-Prefix.pch";
				INFOPLIST_FILE = "SethGodin/SethGodin-Info.plist";
				LIBRARY_SEARCH_PATHS = (
					"$(inherited)",
					"\"$(SRCROOT)\"",
				);
				LINKER_DISPLAYS_MANGLED_NAMES = NO;
				OTHER_LDFLAGS = "-lxml2";
				PRODUCT_NAME = "$(TARGET_NAME)";
				WRAPPER_EXTENSION = app;
			};
			name = Debug;
		};
		A9D6850C164CFE8D007A9ADA /* Release */ = {
			isa = XCBuildConfiguration;
			buildSettings = {
				GCC_PRECOMPILE_PREFIX_HEADER = YES;
				GCC_PREFIX_HEADER = "SethGodin/SethGodin-Prefix.pch";
				INFOPLIST_FILE = "SethGodin/SethGodin-Info.plist";
				LIBRARY_SEARCH_PATHS = (
					"$(inherited)",
					"\"$(SRCROOT)\"",
				);
				LINKER_DISPLAYS_MANGLED_NAMES = NO;
				OTHER_LDFLAGS = "-lxml2";
				PRODUCT_NAME = "$(TARGET_NAME)";
				WRAPPER_EXTENSION = app;
			};
			name = Release;
		};
/* End XCBuildConfiguration section */

/* Begin XCConfigurationList section */
		A9D684DD164CFE8D007A9ADA /* Build configuration list for PBXProject "SethGodin" */ = {
			isa = XCConfigurationList;
			buildConfigurations = (
				A9D68508164CFE8D007A9ADA /* Debug */,
				A9D68509164CFE8D007A9ADA /* Release */,
			);
			defaultConfigurationIsVisible = 0;
			defaultConfigurationName = Release;
		};
		A9D6850A164CFE8D007A9ADA /* Build configuration list for PBXNativeTarget "Seth Godin" */ = {
			isa = XCConfigurationList;
			buildConfigurations = (
				A9D6850B164CFE8D007A9ADA /* Debug */,
				A9D6850C164CFE8D007A9ADA /* Release */,
			);
			defaultConfigurationIsVisible = 0;
			defaultConfigurationName = Release;
		};
/* End XCConfigurationList section */
	};
	rootObject = A9D684DA164CFE8D007A9ADA /* Project object */;
}
